
Microsoft Visual Studio Solution File, Format Version 12.00
# Visual Studio Version 17
VisualStudioVersion = 17.3.32922.545
MinimumVisualStudioVersion = 10.0.40219.1
Project("{FAE04EC0-301F-11D3-BF4B-00C04F79EFBC}") = "Guitaria", "Guitaria\Guitaria.csproj", "{911EF65D-B9B7-4C05-A184-89EFF8AB1685}"
EndProject
Global
	GlobalSection(SolutionConfigurationPlatforms) = preSolution
		Debug|Any CPU = Debug|Any CPU
		Release|Any CPU = Release|Any CPU
	EndGlobalSection
	GlobalSection(ProjectConfigurationPlatforms) = postSolution
		{911EF65D-B9B7-4C05-A184-89EFF8AB1685}.Debug|Any CPU.ActiveCfg = Debug|Any CPU
		{911EF65D-B9B7-4C05-A184-89EFF8AB1685}.Debug|Any CPU.Build.0 = Debug|Any CPU
		{911EF65D-B9B7-4C05-A184-89EFF8AB1685}.Release|Any CPU.ActiveCfg = Release|Any CPU
		{911EF65D-B9B7-4C05-A184-89EFF8AB1685}.Release|Any CPU.Build.0 = Release|Any CPU
	EndGlobalSection
	GlobalSection(SolutionProperties) = preSolution
		HideSolutionNode = FALSE
	EndGlobalSection
	GlobalSection(ExtensibilityGlobals) = postSolution
		SolutionGuid = {D7FD78D6-10C0-4DED-B74A-10CD655933B4}
	EndGlobalSection
EndGlobal
